// !$*UTF8*$!
{
	archiveVersion = 1;
	classes = {
	};
	objectVersion = 46;
	objects = {

/* Begin PBXBuildFile section */
		BE416F255EA1093FE010FB2E /* Pods_SurgeWidget.framework in Frameworks */ = {isa = PBXBuildFile; fileRef = 7950A56BE188B9FE39561F70 /* Pods_SurgeWidget.framework */; };
		D6E362A4A9C652B756118C17 /* Pods_Fairfares.framework in Frameworks */ = {isa = PBXBuildFile; fileRef = D5F0635FB003BA05F734E57F /* Pods_Fairfares.framework */; };
		F0052DD42112B1C60000BB34 /* NotificationCenter.framework in Frameworks */ = {isa = PBXBuildFile; fileRef = F0052DD32112B1C50000BB34 /* NotificationCenter.framework */; };
		F02890B0210EDA9100491C45 /* Uber.png in Resources */ = {isa = PBXBuildFile; fileRef = F02890AF210EDA9100491C45 /* Uber.png */; };
		F02890B2210EDB7B00491C45 /* Lyft.png in Resources */ = {isa = PBXBuildFile; fileRef = F02890B1210EDB7A00491C45 /* Lyft.png */; };
		F02890B4210EDC9300491C45 /* Splash.jpeg in Resources */ = {isa = PBXBuildFile; fileRef = F02890B3210EDC9200491C45 /* Splash.jpeg */; };
		F091A804210E34AE005639D9 /* MainInterface.storyboard in Resources */ = {isa = PBXBuildFile; fileRef = F091A803210E34AE005639D9 /* MainInterface.storyboard */; };
		F091A806210E3AF3005639D9 /* AppDelegate.swift in Sources */ = {isa = PBXBuildFile; fileRef = F091A805210E3AF3005639D9 /* AppDelegate.swift */; };
		F09A621B20D5845C00E946E9 /* LaunchScreen.storyboard in Resources */ = {isa = PBXBuildFile; fileRef = F09A621A20D5845C00E946E9 /* LaunchScreen.storyboard */; };
		F0B15C201D6608EE0037AEE5 /* Icon.png in Resources */ = {isa = PBXBuildFile; fileRef = F0B15C1D1D6608EE0037AEE5 /* Icon.png */; };
		F0C75D562103D5A8002C1030 /* TodayViewController.swift in Sources */ = {isa = PBXBuildFile; fileRef = F0C75D552103D5A8002C1030 /* TodayViewController.swift */; };
		F0C75D592103D5A9002C1030 /* MainInterface.storyboard in Resources */ = {isa = PBXBuildFile; fileRef = F0C75D572103D5A8002C1030 /* MainInterface.storyboard */; };
		F0C75D5D2103D5A9002C1030 /* SurgeWidget.appex in Embed App Extensions */ = {isa = PBXBuildFile; fileRef = F0C75D502103D5A8002C1030 /* SurgeWidget.appex */; settings = {ATTRIBUTES = (RemoveHeadersOnCopy, ); }; };
		F0EB31C21D3F259D002F900C /* ViewController.swift in Sources */ = {isa = PBXBuildFile; fileRef = F0EB31C11D3F259D002F900C /* ViewController.swift */; };
		F0EB31C71D3F259D002F900C /* Assets.xcassets in Resources */ = {isa = PBXBuildFile; fileRef = F0EB31C61D3F259D002F900C /* Assets.xcassets */; };
/* End PBXBuildFile section */

/* Begin PBXContainerItemProxy section */
		F0C75D5B2103D5A9002C1030 /* PBXContainerItemProxy */ = {
			isa = PBXContainerItemProxy;
			containerPortal = F0EB31B41D3F259D002F900C /* Project object */;
			proxyType = 1;
			remoteGlobalIDString = F0C75D4F2103D5A8002C1030;
			remoteInfo = SurgeWidget;
		};
/* End PBXContainerItemProxy section */

/* Begin PBXCopyFilesBuildPhase section */
		F0C75D612103D5A9002C1030 /* Embed App Extensions */ = {
			isa = PBXCopyFilesBuildPhase;
			buildActionMask = 2147483647;
			dstPath = "";
			dstSubfolderSpec = 13;
			files = (
				F0C75D5D2103D5A9002C1030 /* SurgeWidget.appex in Embed App Extensions */,
			);
			name = "Embed App Extensions";
			runOnlyForDeploymentPostprocessing = 0;
		};
/* End PBXCopyFilesBuildPhase section */

/* Begin PBXFileReference section */
		16A7854B40FB1098BC70108C /* Pods-SurgeWidget.release.xcconfig */ = {isa = PBXFileReference; includeInIndex = 1; lastKnownFileType = text.xcconfig; name = "Pods-SurgeWidget.release.xcconfig"; path = "Pods/Target Support Files/Pods-SurgeWidget/Pods-SurgeWidget.release.xcconfig"; sourceTree = "<group>"; };
		7950A56BE188B9FE39561F70 /* Pods_SurgeWidget.framework */ = {isa = PBXFileReference; explicitFileType = wrapper.framework; includeInIndex = 0; path = Pods_SurgeWidget.framework; sourceTree = BUILT_PRODUCTS_DIR; };
		A212243C63B5DB00CA565F45 /* Pods-Fairfares.debug.xcconfig */ = {isa = PBXFileReference; includeInIndex = 1; lastKnownFileType = text.xcconfig; name = "Pods-Fairfares.debug.xcconfig"; path = "Pods/Target Support Files/Pods-Fairfares/Pods-Fairfares.debug.xcconfig"; sourceTree = "<group>"; };
		C66E6945D5D3AAF8BA707E4E /* Pods-SurgeWidget.debug.xcconfig */ = {isa = PBXFileReference; includeInIndex = 1; lastKnownFileType = text.xcconfig; name = "Pods-SurgeWidget.debug.xcconfig"; path = "Pods/Target Support Files/Pods-SurgeWidget/Pods-SurgeWidget.debug.xcconfig"; sourceTree = "<group>"; };
		D5D7E24649136F34EB19B2F3 /* Pods-Fairfares.release.xcconfig */ = {isa = PBXFileReference; includeInIndex = 1; lastKnownFileType = text.xcconfig; name = "Pods-Fairfares.release.xcconfig"; path = "Pods/Target Support Files/Pods-Fairfares/Pods-Fairfares.release.xcconfig"; sourceTree = "<group>"; };
		D5F0635FB003BA05F734E57F /* Pods_Fairfares.framework */ = {isa = PBXFileReference; explicitFileType = wrapper.framework; includeInIndex = 0; path = Pods_Fairfares.framework; sourceTree = BUILT_PRODUCTS_DIR; };
		F0052DD22112B06F0000BB34 /* Fairfares-Bridging-Header.h */ = {isa = PBXFileReference; lastKnownFileType = sourcecode.c.h; path = "Fairfares-Bridging-Header.h"; sourceTree = "<group>"; };
		F0052DD32112B1C50000BB34 /* NotificationCenter.framework */ = {isa = PBXFileReference; lastKnownFileType = wrapper.framework; name = NotificationCenter.framework; path = System/Library/Frameworks/NotificationCenter.framework; sourceTree = SDKROOT; };
		F00BBC5C21116ECF00E6E0EB /* Fairfares-Bridging-Header.h */ = {isa = PBXFileReference; lastKnownFileType = sourcecode.c.h; path = "Fairfares-Bridging-Header.h"; sourceTree = "<group>"; };
		F01C211420D582E8009C9012 /* Fairfares.entitlements */ = {isa = PBXFileReference; lastKnownFileType = text.plist.entitlements; path = Fairfares.entitlements; sourceTree = "<group>"; };
		F02890AF210EDA9100491C45 /* Uber.png */ = {isa = PBXFileReference; lastKnownFileType = image.png; name = Uber.png; path = Images/Uber.png; sourceTree = "<group>"; };
		F02890B1210EDB7A00491C45 /* Lyft.png */ = {isa = PBXFileReference; lastKnownFileType = image.png; name = Lyft.png; path = Images/Lyft.png; sourceTree = "<group>"; };
		F02890B3210EDC9200491C45 /* Splash.jpeg */ = {isa = PBXFileReference; lastKnownFileType = image.jpeg; name = Splash.jpeg; path = Images/Splash.jpeg; sourceTree = "<group>"; };
		F091A803210E34AE005639D9 /* MainInterface.storyboard */ = {isa = PBXFileReference; lastKnownFileType = file.storyboard; path = MainInterface.storyboard; sourceTree = "<group>"; };
		F091A805210E3AF3005639D9 /* AppDelegate.swift */ = {isa = PBXFileReference; lastKnownFileType = sourcecode.swift; path = AppDelegate.swift; sourceTree = "<group>"; };
		F09A621A20D5845C00E946E9 /* LaunchScreen.storyboard */ = {isa = PBXFileReference; fileEncoding = 4; lastKnownFileType = file.storyboard; path = LaunchScreen.storyboard; sourceTree = "<group>"; };
		F0B15C1D1D6608EE0037AEE5 /* Icon.png */ = {isa = PBXFileReference; lastKnownFileType = image.png; name = Icon.png; path = Images/Icon.png; sourceTree = "<group>"; };
		F0C75D502103D5A8002C1030 /* SurgeWidget.appex */ = {isa = PBXFileReference; explicitFileType = "wrapper.app-extension"; includeInIndex = 0; path = SurgeWidget.appex; sourceTree = BUILT_PRODUCTS_DIR; };
		F0C75D552103D5A8002C1030 /* TodayViewController.swift */ = {isa = PBXFileReference; lastKnownFileType = sourcecode.swift; path = TodayViewController.swift; sourceTree = "<group>"; };
		F0C75D582103D5A8002C1030 /* Base */ = {isa = PBXFileReference; lastKnownFileType = file.storyboard; name = Base; path = Base.lproj/MainInterface.storyboard; sourceTree = "<group>"; };
		F0C75D5A2103D5A9002C1030 /* Info.plist */ = {isa = PBXFileReference; lastKnownFileType = text.plist.xml; path = Info.plist; sourceTree = "<group>"; };
		F0EB31BC1D3F259D002F900C /* Fairfares.app */ = {isa = PBXFileReference; explicitFileType = wrapper.application; includeInIndex = 0; path = Fairfares.app; sourceTree = BUILT_PRODUCTS_DIR; };
		F0EB31C11D3F259D002F900C /* ViewController.swift */ = {isa = PBXFileReference; lastKnownFileType = sourcecode.swift; path = ViewController.swift; sourceTree = "<group>"; };
		F0EB31C61D3F259D002F900C /* Assets.xcassets */ = {isa = PBXFileReference; lastKnownFileType = folder.assetcatalog; path = Assets.xcassets; sourceTree = "<group>"; };
		F0EB31CB1D3F259D002F900C /* Info.plist */ = {isa = PBXFileReference; lastKnownFileType = text.plist.xml; path = Info.plist; sourceTree = "<group>"; };
/* End PBXFileReference section */

/* Begin PBXFrameworksBuildPhase section */
		F0C75D4D2103D5A8002C1030 /* Frameworks */ = {
			isa = PBXFrameworksBuildPhase;
			buildActionMask = 2147483647;
			files = (
				F0052DD42112B1C60000BB34 /* NotificationCenter.framework in Frameworks */,
				BE416F255EA1093FE010FB2E /* Pods_SurgeWidget.framework in Frameworks */,
			);
			runOnlyForDeploymentPostprocessing = 0;
		};
		F0EB31B91D3F259D002F900C /* Frameworks */ = {
			isa = PBXFrameworksBuildPhase;
			buildActionMask = 2147483647;
			files = (
				D6E362A4A9C652B756118C17 /* Pods_Fairfares.framework in Frameworks */,
			);
			runOnlyForDeploymentPostprocessing = 0;
		};
/* End PBXFrameworksBuildPhase section */

/* Begin PBXGroup section */
		BFD4D93191CC77FA4C43DD84 /* Pods */ = {
			isa = PBXGroup;
			children = (
				A212243C63B5DB00CA565F45 /* Pods-Fairfares.debug.xcconfig */,
				D5D7E24649136F34EB19B2F3 /* Pods-Fairfares.release.xcconfig */,
				C66E6945D5D3AAF8BA707E4E /* Pods-SurgeWidget.debug.xcconfig */,
				16A7854B40FB1098BC70108C /* Pods-SurgeWidget.release.xcconfig */,
			);
			name = Pods;
			sourceTree = "<group>";
		};
		F0C75D512103D5A8002C1030 /* Frameworks */ = {
			isa = PBXGroup;
			children = (
				F0052DD32112B1C50000BB34 /* NotificationCenter.framework */,
				D5F0635FB003BA05F734E57F /* Pods_Fairfares.framework */,
				7950A56BE188B9FE39561F70 /* Pods_SurgeWidget.framework */,
			);
			name = Frameworks;
			sourceTree = "<group>";
		};
		F0C75D542103D5A8002C1030 /* SurgeWidget */ = {
			isa = PBXGroup;
			children = (
				F0C75D552103D5A8002C1030 /* TodayViewController.swift */,
				F0052DD22112B06F0000BB34 /* Fairfares-Bridging-Header.h */,
				F0C75D572103D5A8002C1030 /* MainInterface.storyboard */,
				F0C75D5A2103D5A9002C1030 /* Info.plist */,
			);
			path = SurgeWidget;
			sourceTree = "<group>";
		};
		F0EB31B31D3F259D002F900C = {
			isa = PBXGroup;
			children = (
				F0EB31D31D3F25E6002F900C /* Images */,
				F0EB31BE1D3F259D002F900C /* Fairfares */,
				F0C75D542103D5A8002C1030 /* SurgeWidget */,
				F0C75D512103D5A8002C1030 /* Frameworks */,
				F0EB31BD1D3F259D002F900C /* Products */,
				BFD4D93191CC77FA4C43DD84 /* Pods */,
			);
			sourceTree = "<group>";
		};
		F0EB31BD1D3F259D002F900C /* Products */ = {
			isa = PBXGroup;
			children = (
				F0EB31BC1D3F259D002F900C /* Fairfares.app */,
				F0C75D502103D5A8002C1030 /* SurgeWidget.appex */,
			);
			name = Products;
			sourceTree = "<group>";
		};
		F0EB31BE1D3F259D002F900C /* Fairfares */ = {
			isa = PBXGroup;
			children = (
				F091A805210E3AF3005639D9 /* AppDelegate.swift */,
				F00BBC5C21116ECF00E6E0EB /* Fairfares-Bridging-Header.h */,
				F01C211420D582E8009C9012 /* Fairfares.entitlements */,
				F091A803210E34AE005639D9 /* MainInterface.storyboard */,
				F0EB31C11D3F259D002F900C /* ViewController.swift */,
				F0EB31C61D3F259D002F900C /* Assets.xcassets */,
				F0EB31CB1D3F259D002F900C /* Info.plist */,
				F09A621A20D5845C00E946E9 /* LaunchScreen.storyboard */,
			);
			path = Fairfares;
			sourceTree = "<group>";
		};
		F0EB31D31D3F25E6002F900C /* Images */ = {
			isa = PBXGroup;
			children = (
				F02890AF210EDA9100491C45 /* Uber.png */,
				F0B15C1D1D6608EE0037AEE5 /* Icon.png */,
				F02890B3210EDC9200491C45 /* Splash.jpeg */,
				F02890B1210EDB7A00491C45 /* Lyft.png */,
			);
			name = Images;
			sourceTree = "<group>";
		};
/* End PBXGroup section */

/* Begin PBXNativeTarget section */
		F0C75D4F2103D5A8002C1030 /* SurgeWidget */ = {
			isa = PBXNativeTarget;
			buildConfigurationList = F0C75D602103D5A9002C1030 /* Build configuration list for PBXNativeTarget "SurgeWidget" */;
			buildPhases = (
				95674611060794514C5DF9B3 /* [CP] Check Pods Manifest.lock */,
				F0C75D4C2103D5A8002C1030 /* Sources */,
				F0C75D4D2103D5A8002C1030 /* Frameworks */,
				F0C75D4E2103D5A8002C1030 /* Resources */,
			);
			buildRules = (
			);
			dependencies = (
			);
			name = SurgeWidget;
			productName = SurgeWidget;
			productReference = F0C75D502103D5A8002C1030 /* SurgeWidget.appex */;
			productType = "com.apple.product-type.app-extension";
		};
		F0EB31BB1D3F259D002F900C /* Fairfares */ = {
			isa = PBXNativeTarget;
			buildConfigurationList = F0EB31CE1D3F259D002F900C /* Build configuration list for PBXNativeTarget "Fairfares" */;
			buildPhases = (
				F0CC6E0032FA2010555AB9A5 /* [CP] Check Pods Manifest.lock */,
				F0EB31B81D3F259D002F900C /* Sources */,
				F0EB31B91D3F259D002F900C /* Frameworks */,
				F0EB31BA1D3F259D002F900C /* Resources */,
				F0C75D612103D5A9002C1030 /* Embed App Extensions */,
			);
			buildRules = (
			);
			dependencies = (
				F0C75D5C2103D5A9002C1030 /* PBXTargetDependency */,
			);
			name = Fairfares;
			productName = Fairfares;
			productReference = F0EB31BC1D3F259D002F900C /* Fairfares.app */;
			productType = "com.apple.product-type.application";
		};
/* End PBXNativeTarget section */

/* Begin PBXProject section */
		F0EB31B41D3F259D002F900C /* Project object */ = {
			isa = PBXProject;
			attributes = {
				LastSwiftUpdateCheck = 0940;
				LastUpgradeCheck = 0940;
				ORGANIZATIONNAME = Molson;
				TargetAttributes = {
					F0C75D4F2103D5A8002C1030 = {
						CreatedOnToolsVersion = 9.4.1;
						DevelopmentTeam = TH5V2K4K28;
						ProvisioningStyle = Automatic;
					};
					F0EB31BB1D3F259D002F900C = {
						CreatedOnToolsVersion = 7.3.1;
						DevelopmentTeam = TH5V2K4K28;
						SystemCapabilities = {
							com.apple.ClassKit = {
								enabled = 0;
							};
						};
					};
				};
			};
			buildConfigurationList = F0EB31B71D3F259D002F900C /* Build configuration list for PBXProject "Fairfares" */;
			compatibilityVersion = "Xcode 3.2";
			developmentRegion = English;
			hasScannedForEncodings = 0;
			knownRegions = (
				en,
				Base,
			);
			mainGroup = F0EB31B31D3F259D002F900C;
			productRefGroup = F0EB31BD1D3F259D002F900C /* Products */;
			projectDirPath = "";
			projectRoot = "";
			targets = (
				F0EB31BB1D3F259D002F900C /* Fairfares */,
				F0C75D4F2103D5A8002C1030 /* SurgeWidget */,
			);
		};
/* End PBXProject section */

/* Begin PBXResourcesBuildPhase section */
		F0C75D4E2103D5A8002C1030 /* Resources */ = {
			isa = PBXResourcesBuildPhase;
			buildActionMask = 2147483647;
			files = (
				F0C75D592103D5A9002C1030 /* MainInterface.storyboard in Resources */,
			);
			runOnlyForDeploymentPostprocessing = 0;
		};
		F0EB31BA1D3F259D002F900C /* Resources */ = {
			isa = PBXResourcesBuildPhase;
			buildActionMask = 2147483647;
			files = (
				F09A621B20D5845C00E946E9 /* LaunchScreen.storyboard in Resources */,
				F0B15C201D6608EE0037AEE5 /* Icon.png in Resources */,
				F02890B2210EDB7B00491C45 /* Lyft.png in Resources */,
				F091A804210E34AE005639D9 /* MainInterface.storyboard in Resources */,
				F02890B4210EDC9300491C45 /* Splash.jpeg in Resources */,
				F02890B0210EDA9100491C45 /* Uber.png in Resources */,
				F0EB31C71D3F259D002F900C /* Assets.xcassets in Resources */,
			);
			runOnlyForDeploymentPostprocessing = 0;
		};
/* End PBXResourcesBuildPhase section */

/* Begin PBXShellScriptBuildPhase section */
		95674611060794514C5DF9B3 /* [CP] Check Pods Manifest.lock */ = {
			isa = PBXShellScriptBuildPhase;
			buildActionMask = 2147483647;
			files = (
			);
			inputPaths = (
				"${PODS_PODFILE_DIR_PATH}/Podfile.lock",
				"${PODS_ROOT}/Manifest.lock",
			);
			name = "[CP] Check Pods Manifest.lock";
			outputPaths = (
				"$(DERIVED_FILE_DIR)/Pods-SurgeWidget-checkManifestLockResult.txt",
			);
			runOnlyForDeploymentPostprocessing = 0;
			shellPath = /bin/sh;
			shellScript = "diff \"${PODS_PODFILE_DIR_PATH}/Podfile.lock\" \"${PODS_ROOT}/Manifest.lock\" > /dev/null\nif [ $? != 0 ] ; then\n    # print error to STDERR\n    echo \"error: The sandbox is not in sync with the Podfile.lock. Run 'pod install' or update your CocoaPods installation.\" >&2\n    exit 1\nfi\n# This output is used by Xcode 'outputs' to avoid re-running this script phase.\necho \"SUCCESS\" > \"${SCRIPT_OUTPUT_FILE_0}\"\n";
			showEnvVarsInLog = 0;
		};
		F0CC6E0032FA2010555AB9A5 /* [CP] Check Pods Manifest.lock */ = {
			isa = PBXShellScriptBuildPhase;
			buildActionMask = 2147483647;
			files = (
			);
			inputPaths = (
				"${PODS_PODFILE_DIR_PATH}/Podfile.lock",
				"${PODS_ROOT}/Manifest.lock",
			);
			name = "[CP] Check Pods Manifest.lock";
			outputPaths = (
				"$(DERIVED_FILE_DIR)/Pods-Fairfares-checkManifestLockResult.txt",
			);
			runOnlyForDeploymentPostprocessing = 0;
			shellPath = /bin/sh;
			shellScript = "diff \"${PODS_PODFILE_DIR_PATH}/Podfile.lock\" \"${PODS_ROOT}/Manifest.lock\" > /dev/null\nif [ $? != 0 ] ; then\n    # print error to STDERR\n    echo \"error: The sandbox is not in sync with the Podfile.lock. Run 'pod install' or update your CocoaPods installation.\" >&2\n    exit 1\nfi\n# This output is used by Xcode 'outputs' to avoid re-running this script phase.\necho \"SUCCESS\" > \"${SCRIPT_OUTPUT_FILE_0}\"\n";
			showEnvVarsInLog = 0;
		};
/* End PBXShellScriptBuildPhase section */

/* Begin PBXSourcesBuildPhase section */
		F0C75D4C2103D5A8002C1030 /* Sources */ = {
			isa = PBXSourcesBuildPhase;
			buildActionMask = 2147483647;
			files = (
				F0C75D562103D5A8002C1030 /* TodayViewController.swift in Sources */,
			);
			runOnlyForDeploymentPostprocessing = 0;
		};
		F0EB31B81D3F259D002F900C /* Sources */ = {
			isa = PBXSourcesBuildPhase;
			buildActionMask = 2147483647;
			files = (
				F091A806210E3AF3005639D9 /* AppDelegate.swift in Sources */,
				F0EB31C21D3F259D002F900C /* ViewController.swift in Sources */,
			);
			runOnlyForDeploymentPostprocessing = 0;
		};
/* End PBXSourcesBuildPhase section */

/* Begin PBXTargetDependency section */
		F0C75D5C2103D5A9002C1030 /* PBXTargetDependency */ = {
			isa = PBXTargetDependency;
			target = F0C75D4F2103D5A8002C1030 /* SurgeWidget */;
			targetProxy = F0C75D5B2103D5A9002C1030 /* PBXContainerItemProxy */;
		};
/* End PBXTargetDependency section */

/* Begin PBXVariantGroup section */
		F0C75D572103D5A8002C1030 /* MainInterface.storyboard */ = {
			isa = PBXVariantGroup;
			children = (
				F0C75D582103D5A8002C1030 /* Base */,
			);
			name = MainInterface.storyboard;
			sourceTree = "<group>";
		};
/* End PBXVariantGroup section */

/* Begin XCBuildConfiguration section */
		F0C75D5E2103D5A9002C1030 /* Debug */ = {
			isa = XCBuildConfiguration;
			baseConfigurationReference = C66E6945D5D3AAF8BA707E4E /* Pods-SurgeWidget.debug.xcconfig */;
			buildSettings = {
				CLANG_ANALYZER_NUMBER_OBJECT_CONVERSION = YES_AGGRESSIVE;
				CLANG_CXX_LANGUAGE_STANDARD = "gnu++14";
				CLANG_ENABLE_OBJC_WEAK = YES;
				CLANG_WARN_DOCUMENTATION_COMMENTS = YES;
				CLANG_WARN_UNGUARDED_AVAILABILITY = YES_AGGRESSIVE;
				CODE_SIGN_IDENTITY = "iPhone Developer";
				CODE_SIGN_STYLE = Automatic;
				DEVELOPMENT_TEAM = TH5V2K4K28;
				GCC_C_LANGUAGE_STANDARD = gnu11;
				INFOPLIST_FILE = SurgeWidget/Info.plist;
				IPHONEOS_DEPLOYMENT_TARGET = 11.4;
				LD_RUNPATH_SEARCH_PATHS = "$(inherited) @executable_path/Frameworks @executable_path/../../Frameworks";
				PRODUCT_BUNDLE_IDENTIFIER = com.molson.fairfares.SurgeWidget;
				PRODUCT_NAME = "$(TARGET_NAME)";
				SKIP_INSTALL = YES;
				SWIFT_ACTIVE_COMPILATION_CONDITIONS = DEBUG;
				SWIFT_OBJC_BRIDGING_HEADER = "SurgeWidget/Fairfares-Bridging-Header.h";
				SWIFT_VERSION = 4.0;
				TARGETED_DEVICE_FAMILY = "1,2";
			};
			name = Debug;
		};
		F0C75D5F2103D5A9002C1030 /* Release */ = {
			isa = XCBuildConfiguration;
			baseConfigurationReference = 16A7854B40FB1098BC70108C /* Pods-SurgeWidget.release.xcconfig */;
			buildSettings = {
				CLANG_ANALYZER_NUMBER_OBJECT_CONVERSION = YES_AGGRESSIVE;
				CLANG_CXX_LANGUAGE_STANDARD = "gnu++14";
				CLANG_ENABLE_OBJC_WEAK = YES;
				CLANG_WARN_DOCUMENTATION_COMMENTS = YES;
				CLANG_WARN_UNGUARDED_AVAILABILITY = YES_AGGRESSIVE;
				CODE_SIGN_IDENTITY = "iPhone Developer";
				CODE_SIGN_STYLE = Automatic;
				DEVELOPMENT_TEAM = TH5V2K4K28;
				GCC_C_LANGUAGE_STANDARD = gnu11;
				INFOPLIST_FILE = SurgeWidget/Info.plist;
				IPHONEOS_DEPLOYMENT_TARGET = 11.4;
				LD_RUNPATH_SEARCH_PATHS = "$(inherited) @executable_path/Frameworks @executable_path/../../Frameworks";
				PRODUCT_BUNDLE_IDENTIFIER = com.molson.fairfares.SurgeWidget;
				PRODUCT_NAME = "$(TARGET_NAME)";
				SKIP_INSTALL = YES;
				SWIFT_OBJC_BRIDGING_HEADER = "SurgeWidget/Fairfares-Bridging-Header.h";
				SWIFT_OPTIMIZATION_LEVEL = "-O";
				SWIFT_VERSION = 4.0;
				TARGETED_DEVICE_FAMILY = "1,2";
			};
			name = Release;
		};
		F0EB31CC1D3F259D002F900C /* Debug */ = {
			isa = XCBuildConfiguration;
			buildSettings = {
				ALWAYS_SEARCH_USER_PATHS = NO;
				CLANG_ANALYZER_NONNULL = YES;
				CLANG_CXX_LANGUAGE_STANDARD = "gnu++0x";
				CLANG_CXX_LIBRARY = "libc++";
				CLANG_ENABLE_MODULES = YES;
				CLANG_ENABLE_OBJC_ARC = YES;
				CLANG_WARN_BLOCK_CAPTURE_AUTORELEASING = YES;
				CLANG_WARN_BOOL_CONVERSION = YES;
				CLANG_WARN_COMMA = YES;
				CLANG_WARN_CONSTANT_CONVERSION = YES;
				CLANG_WARN_DEPRECATED_OBJC_IMPLEMENTATIONS = YES;
				CLANG_WARN_DIRECT_OBJC_ISA_USAGE = YES_ERROR;
				CLANG_WARN_EMPTY_BODY = YES;
				CLANG_WARN_ENUM_CONVERSION = YES;
				CLANG_WARN_INFINITE_RECURSION = YES;
				CLANG_WARN_INT_CONVERSION = YES;
				CLANG_WARN_NON_LITERAL_NULL_CONVERSION = YES;
				CLANG_WARN_OBJC_IMPLICIT_RETAIN_SELF = YES;
				CLANG_WARN_OBJC_LITERAL_CONVERSION = YES;
				CLANG_WARN_OBJC_ROOT_CLASS = YES_ERROR;
				CLANG_WARN_RANGE_LOOP_ANALYSIS = YES;
				CLANG_WARN_STRICT_PROTOTYPES = YES;
				CLANG_WARN_SUSPICIOUS_MOVE = YES;
				CLANG_WARN_UNREACHABLE_CODE = YES;
				CLANG_WARN__DUPLICATE_METHOD_MATCH = YES;
				"CODE_SIGN_IDENTITY[sdk=iphoneos*]" = "iPhone Developer";
				COPY_PHASE_STRIP = NO;
				DEBUG_INFORMATION_FORMAT = dwarf;
				ENABLE_STRICT_OBJC_MSGSEND = YES;
				ENABLE_TESTABILITY = YES;
				GCC_C_LANGUAGE_STANDARD = gnu99;
				GCC_DYNAMIC_NO_PIC = NO;
				GCC_NO_COMMON_BLOCKS = YES;
				GCC_OPTIMIZATION_LEVEL = 0;
				GCC_PREPROCESSOR_DEFINITIONS = (
					"DEBUG=1",
					"$(inherited)",
				);
				GCC_WARN_64_TO_32_BIT_CONVERSION = YES;
				GCC_WARN_ABOUT_RETURN_TYPE = YES_ERROR;
				GCC_WARN_UNDECLARED_SELECTOR = YES;
				GCC_WARN_UNINITIALIZED_AUTOS = YES_AGGRESSIVE;
				GCC_WARN_UNUSED_FUNCTION = YES;
				GCC_WARN_UNUSED_VARIABLE = YES;
				IPHONEOS_DEPLOYMENT_TARGET = 10.0;
				MTL_ENABLE_DEBUG_INFO = YES;
				ONLY_ACTIVE_ARCH = YES;
				SDKROOT = iphoneos;
				SWIFT_OPTIMIZATION_LEVEL = "-Onone";
				SWIFT_VERSION = 4.0;
			};
			name = Debug;
		};
		F0EB31CD1D3F259D002F900C /* Release */ = {
			isa = XCBuildConfiguration;
			buildSettings = {
				ALWAYS_SEARCH_USER_PATHS = NO;
				CLANG_ANALYZER_NONNULL = YES;
				CLANG_CXX_LANGUAGE_STANDARD = "gnu++0x";
				CLANG_CXX_LIBRARY = "libc++";
				CLANG_ENABLE_MODULES = YES;
				CLANG_ENABLE_OBJC_ARC = YES;
				CLANG_WARN_BLOCK_CAPTURE_AUTORELEASING = YES;
				CLANG_WARN_BOOL_CONVERSION = YES;
				CLANG_WARN_COMMA = YES;
				CLANG_WARN_CONSTANT_CONVERSION = YES;
				CLANG_WARN_DEPRECATED_OBJC_IMPLEMENTATIONS = YES;
				CLANG_WARN_DIRECT_OBJC_ISA_USAGE = YES_ERROR;
				CLANG_WARN_EMPTY_BODY = YES;
				CLANG_WARN_ENUM_CONVERSION = YES;
				CLANG_WARN_INFINITE_RECURSION = YES;
				CLANG_WARN_INT_CONVERSION = YES;
				CLANG_WARN_NON_LITERAL_NULL_CONVERSION = YES;
				CLANG_WARN_OBJC_IMPLICIT_RETAIN_SELF = YES;
				CLANG_WARN_OBJC_LITERAL_CONVERSION = YES;
				CLANG_WARN_OBJC_ROOT_CLASS = YES_ERROR;
				CLANG_WARN_RANGE_LOOP_ANALYSIS = YES;
				CLANG_WARN_STRICT_PROTOTYPES = YES;
				CLANG_WARN_SUSPICIOUS_MOVE = YES;
				CLANG_WARN_UNREACHABLE_CODE = YES;
				CLANG_WARN__DUPLICATE_METHOD_MATCH = YES;
				"CODE_SIGN_IDENTITY[sdk=iphoneos*]" = "iPhone Developer";
				COPY_PHASE_STRIP = NO;
				DEBUG_INFORMATION_FORMAT = "dwarf-with-dsym";
				ENABLE_NS_ASSERTIONS = NO;
				ENABLE_STRICT_OBJC_MSGSEND = YES;
				GCC_C_LANGUAGE_STANDARD = gnu99;
				GCC_NO_COMMON_BLOCKS = YES;
				GCC_WARN_64_TO_32_BIT_CONVERSION = YES;
				GCC_WARN_ABOUT_RETURN_TYPE = YES_ERROR;
				GCC_WARN_UNDECLARED_SELECTOR = YES;
				GCC_WARN_UNINITIALIZED_AUTOS = YES_AGGRESSIVE;
				GCC_WARN_UNUSED_FUNCTION = YES;
				GCC_WARN_UNUSED_VARIABLE = YES;
				IPHONEOS_DEPLOYMENT_TARGET = 10.0;
				MTL_ENABLE_DEBUG_INFO = NO;
				SDKROOT = iphoneos;
				SWIFT_COMPILATION_MODE = wholemodule;
				SWIFT_VERSION = 4.0;
				VALIDATE_PRODUCT = YES;
			};
			name = Release;
		};
		F0EB31CF1D3F259D002F900C /* Debug */ = {
			isa = XCBuildConfiguration;
			baseConfigurationReference = A212243C63B5DB00CA565F45 /* Pods-Fairfares.debug.xcconfig */;
			buildSettings = {
				ALWAYS_EMBED_SWIFT_STANDARD_LIBRARIES = YES;
				ASSETCATALOG_COMPILER_APPICON_NAME = AppIcon;
				CODE_SIGN_IDENTITY = "iPhone Developer";
				DEVELOPMENT_TEAM = TH5V2K4K28;
				INFOPLIST_FILE = Fairfares/Info.plist;
				LD_RUNPATH_SEARCH_PATHS = "$(inherited) @executable_path/Frameworks";
				PRODUCT_BUNDLE_IDENTIFIER = com.molson.fairfares;
				PRODUCT_NAME = "$(TARGET_NAME)";
				SWIFT_OBJC_BRIDGING_HEADER = "Fairfares/Fairfares-Bridging-Header.h";
			};
			name = Debug;
		};
		F0EB31D01D3F259D002F900C /* Release */ = {
			isa = XCBuildConfiguration;
			baseConfigurationReference = D5D7E24649136F34EB19B2F3 /* Pods-Fairfares.release.xcconfig */;
			buildSettings = {
				ALWAYS_EMBED_SWIFT_STANDARD_LIBRARIES = YES;
				ASSETCATALOG_COMPILER_APPICON_NAME = AppIcon;
				CODE_SIGN_IDENTITY = "iPhone Developer";
				DEVELOPMENT_TEAM = TH5V2K4K28;
				INFOPLIST_FILE = Fairfares/Info.plist;
				LD_RUNPATH_SEARCH_PATHS = "$(inherited) @executable_path/Frameworks";
				PRODUCT_BUNDLE_IDENTIFIER = com.molson.fairfares;
				PRODUCT_NAME = "$(TARGET_NAME)";
				SWIFT_OBJC_BRIDGING_HEADER = "Fairfares/Fairfares-Bridging-Header.h";
			};
			name = Release;
		};
/* End XCBuildConfiguration section */

/* Begin XCConfigurationList section */
		F0C75D602103D5A9002C1030 /* Build configuration list for PBXNativeTarget "SurgeWidget" */ = {
			isa = XCConfigurationList;
			buildConfigurations = (
				F0C75D5E2103D5A9002C1030 /* Debug */,
				F0C75D5F2103D5A9002C1030 /* Release */,
			);
			defaultConfigurationIsVisible = 0;
			defaultConfigurationName = Release;
		};
		F0EB31B71D3F259D002F900C /* Build configuration list for PBXProject "Fairfares" */ = {
			isa = XCConfigurationList;
			buildConfigurations = (
				F0EB31CC1D3F259D002F900C /* Debug */,
				F0EB31CD1D3F259D002F900C /* Release */,
			);
			defaultConfigurationIsVisible = 0;
			defaultConfigurationName = Release;
		};
		F0EB31CE1D3F259D002F900C /* Build configuration list for PBXNativeTarget "Fairfares" */ = {
			isa = XCConfigurationList;
			buildConfigurations = (
				F0EB31CF1D3F259D002F900C /* Debug */,
				F0EB31D01D3F259D002F900C /* Release */,
			);
			defaultConfigurationIsVisible = 0;
			defaultConfigurationName = Release;
		};
/* End XCConfigurationList section */
	};
	rootObject = F0EB31B41D3F259D002F900C /* Project object */;
}
